
Microsoft Visual Studio Solution File, Format Version 12.00
# Visual Studio Version 17
VisualStudioVersion = 17.0.31903.59
MinimumVisualStudioVersion = 10.0.40219.1
Project("{2150E333-8FDC-42A3-9474-1A3956D46DE8}") = "src", "src", "{B064771B-94C3-4381-A71A-7A87430A4944}"
EndProject
Project("{FAE04EC0-301F-11D3-BF4B-00C04F79EFBC}") = "LeanCode.AppRating.Contracts", "src\LeanCode.AppRating.Contracts\LeanCode.AppRating.Contracts.csproj", "{1D2F7D13-C795-442D-BA47-9B39C5600A4C}"
EndProject
Project("{FAE04EC0-301F-11D3-BF4B-00C04F79EFBC}") = "LeanCode.AppRating", "src\LeanCode.AppRating\LeanCode.AppRating.csproj", "{40981EB9-9E59-4343-80B8-6018756292F9}"
EndProject
Project("{2150E333-8FDC-42A3-9474-1A3956D46DE8}") = "tests", "tests", "{97A2C575-49D9-43DF-90EE-8C8CCF5501E6}"
EndProject
Project("{FAE04EC0-301F-11D3-BF4B-00C04F79EFBC}") = "LeanCode.AppRating.IntegrationTests", "tests\LeanCode.AppRating.IntegrationTests\LeanCode.AppRating.IntegrationTests.csproj", "{223CAEBC-F4DD-424B-91EB-8DF38F8E71A4}"
EndProject
Project("{FAE04EC0-301F-11D3-BF4B-00C04F79EFBC}") = "LeanCode.AppRating.Tests", "tests\LeanCode.AppRating.Tests\LeanCode.AppRating.Tests.csproj", "{D87B5D62-C854-4173-8C16-4440A33272CA}"
EndProject
Global
	GlobalSection(SolutionConfigurationPlatforms) = preSolution
		Debug|Any CPU = Debug|Any CPU
		Release|Any CPU = Release|Any CPU
	EndGlobalSection
	GlobalSection(ProjectConfigurationPlatforms) = postSolution
		{1D2F7D13-C795-442D-BA47-9B39C5600A4C}.Debug|Any CPU.ActiveCfg = Debug|Any CPU
		{1D2F7D13-C795-442D-BA47-9B39C5600A4C}.Debug|Any CPU.Build.0 = Debug|Any CPU
		{1D2F7D13-C795-442D-BA47-9B39C5600A4C}.Release|Any CPU.ActiveCfg = Release|Any CPU
		{1D2F7D13-C795-442D-BA47-9B39C5600A4C}.Release|Any CPU.Build.0 = Release|Any CPU
		{40981EB9-9E59-4343-80B8-6018756292F9}.Debug|Any CPU.ActiveCfg = Debug|Any CPU
		{40981EB9-9E59-4343-80B8-6018756292F9}.Debug|Any CPU.Build.0 = Debug|Any CPU
		{40981EB9-9E59-4343-80B8-6018756292F9}.Release|Any CPU.ActiveCfg = Release|Any CPU
		{40981EB9-9E59-4343-80B8-6018756292F9}.Release|Any CPU.Build.0 = Release|Any CPU
		{223CAEBC-F4DD-424B-91EB-8DF38F8E71A4}.Debug|Any CPU.ActiveCfg = Debug|Any CPU
		{223CAEBC-F4DD-424B-91EB-8DF38F8E71A4}.Debug|Any CPU.Build.0 = Debug|Any CPU
		{223CAEBC-F4DD-424B-91EB-8DF38F8E71A4}.Release|Any CPU.ActiveCfg = Release|Any CPU
		{223CAEBC-F4DD-424B-91EB-8DF38F8E71A4}.Release|Any CPU.Build.0 = Release|Any CPU
		{D87B5D62-C854-4173-8C16-4440A33272CA}.Debug|Any CPU.ActiveCfg = Debug|Any CPU
		{D87B5D62-C854-4173-8C16-4440A33272CA}.Debug|Any CPU.Build.0 = Debug|Any CPU
		{D87B5D62-C854-4173-8C16-4440A33272CA}.Release|Any CPU.ActiveCfg = Release|Any CPU
		{D87B5D62-C854-4173-8C16-4440A33272CA}.Release|Any CPU.Build.0 = Release|Any CPU
	EndGlobalSection
	GlobalSection(SolutionProperties) = preSolution
		HideSolutionNode = FALSE
	EndGlobalSection
	GlobalSection(NestedProjects) = preSolution
		{1D2F7D13-C795-442D-BA47-9B39C5600A4C} = {B064771B-94C3-4381-A71A-7A87430A4944}
		{40981EB9-9E59-4343-80B8-6018756292F9} = {B064771B-94C3-4381-A71A-7A87430A4944}
		{223CAEBC-F4DD-424B-91EB-8DF38F8E71A4} = {97A2C575-49D9-43DF-90EE-8C8CCF5501E6}
		{D87B5D62-C854-4173-8C16-4440A33272CA} = {97A2C575-49D9-43DF-90EE-8C8CCF5501E6}
	EndGlobalSection
EndGlobal
